
Microsoft Visual Studio Solution File, Format Version 12.00
# Visual Studio 15
Project("{FAE04EC0-301F-11D3-BF4B-00C04F79EFBC}") = "crds-core-service-template", "crds-core-service-template.csproj", "{E82D0BFE-8159-474E-B3BC-7061A8C694EE}"
EndProject
Global
	GlobalSection(SolutionConfigurationPlatforms) = preSolution
		Debug|Any CPU = Debug|Any CPU
		Release|Any CPU = Release|Any CPU
	EndGlobalSection
	GlobalSection(ProjectConfigurationPlatforms) = postSolution
		{E82D0BFE-8159-474E-B3BC-7061A8C694EE}.Debug|Any CPU.ActiveCfg = Debug|Any CPU
		{E82D0BFE-8159-474E-B3BC-7061A8C694EE}.Debug|Any CPU.Build.0 = Debug|Any CPU
		{E82D0BFE-8159-474E-B3BC-7061A8C694EE}.Release|Any CPU.ActiveCfg = Release|Any CPU
		{E82D0BFE-8159-474E-B3BC-7061A8C694EE}.Release|Any CPU.Build.0 = Release|Any CPU
	EndGlobalSection
EndGlobal
